
Microsoft Visual Studio Solution File, Format Version 12.00
# Visual Studio Version 17
VisualStudioVersion = 17.5.33516.290
MinimumVisualStudioVersion = 10.0.40219.1
Project("{9A19103F-16F7-4668-BE54-9A1E7A4F7556}") = "School Management", "School Management\School Management.csproj", "{F991B0DF-2A61-43F6-9BE1-049BC489493C}"
EndProject
Global
	GlobalSection(SolutionConfigurationPlatforms) = preSolution
		Debug|Any CPU = Debug|Any CPU
		Release|Any CPU = Release|Any CPU
	EndGlobalSection
	GlobalSection(ProjectConfigurationPlatforms) = postSolution
		{F991B0DF-2A61-43F6-9BE1-049BC489493C}.Debug|Any CPU.ActiveCfg = Debug|Any CPU
		{F991B0DF-2A61-43F6-9BE1-049BC489493C}.Debug|Any CPU.Build.0 = Debug|Any CPU
		{F991B0DF-2A61-43F6-9BE1-049BC489493C}.Release|Any CPU.ActiveCfg = Release|Any CPU
		{F991B0DF-2A61-43F6-9BE1-049BC489493C}.Release|Any CPU.Build.0 = Release|Any CPU
	EndGlobalSection
	GlobalSection(SolutionProperties) = preSolution
		HideSolutionNode = FALSE
	EndGlobalSection
	GlobalSection(ExtensibilityGlobals) = postSolution
		SolutionGuid = {BDA2C091-D3C3-407B-810D-4C28AC170197}
	EndGlobalSection
EndGlobal
